// !$*UTF8*$!
{
	archiveVersion = 1;
	classes = {
	};
	objectVersion = 56;
	objects = {

/* Begin PBXBuildFile section */
		0A1000012C00000000000001 /* TinyNewbornLogApp.swift in Sources */ = {isa = PBXBuildFile; fileRef = 0A2000012C00000000000001 /* TinyNewbornLogApp.swift */; };
		0A1000022C00000000000001 /* ContentView.swift in Sources */ = {isa = PBXBuildFile; fileRef = 0A2000022C00000000000001 /* ContentView.swift */; };
		0A1000032C00000000000001 /* LogStore.swift in Sources */ = {isa = PBXBuildFile; fileRef = 0A2000032C00000000000001 /* LogStore.swift */; };
		0A1000042C00000000000001 /* NewbornLogEntry.swift in Sources */ = {isa = PBXBuildFile; fileRef = 0A2000042C00000000000001 /* NewbornLogEntry.swift */; };
		0A1000052C00000000000001 /* Assets.xcassets in Resources */ = {isa = PBXBuildFile; fileRef = 0A2000052C00000000000001 /* Assets.xcassets */; };
		0A1000062C00000000000001 /* WebLogSyncClient.swift in Sources */ = {isa = PBXBuildFile; fileRef = 0A2000092C00000000000001 /* WebLogSyncClient.swift */; };
		0B1000012C00000000000001 /* TinyNewbornLogPhoneApp.swift in Sources */ = {isa = PBXBuildFile; fileRef = 0B2000012C00000000000001 /* TinyNewbornLogPhoneApp.swift */; };
		0B1000022C00000000000001 /* PhoneContentView.swift in Sources */ = {isa = PBXBuildFile; fileRef = 0B2000022C00000000000001 /* PhoneContentView.swift */; };
		0B1000032C00000000000001 /* Assets.xcassets in Resources */ = {isa = PBXBuildFile; fileRef = 0B2000032C00000000000001 /* Assets.xcassets */; };
		0B1000042C00000000000001 /* TinyNewbornLog Watch App.app in Embed Watch Content */ = {isa = PBXBuildFile; fileRef = 0A2000082C00000000000001 /* TinyNewbornLog Watch App.app */; settings = {ATTRIBUTES = (RemoveHeadersOnCopy, ); }; };
/* End PBXBuildFile section */

/* Begin PBXContainerItemProxy section */
		0B1100012C00000000000001 /* PBXContainerItemProxy */ = {
			isa = PBXContainerItemProxy;
			containerPortal = 0A7000012C00000000000001 /* Project object */;
			proxyType = 1;
			remoteGlobalIDString = 0A5000012C00000000000001;
			remoteInfo = "TinyNewbornLog Watch App";
		};
/* End PBXContainerItemProxy section */

/* Begin PBXCopyFilesBuildPhase section */
		0B6000032C00000000000001 /* Embed Watch Content */ = {
			isa = PBXCopyFilesBuildPhase;
			buildActionMask = 2147483647;
			dstPath = "$(CONTENTS_FOLDER_PATH)/Watch";
			dstSubfolderSpec = 16;
			files = (
				0B1000042C00000000000001 /* TinyNewbornLog Watch App.app in Embed Watch Content */,
			);
			name = "Embed Watch Content";
			runOnlyForDeploymentPostprocessing = 0;
		};
/* End PBXCopyFilesBuildPhase section */

/* Begin PBXFileReference section */
		0A2000012C00000000000001 /* TinyNewbornLogApp.swift */ = {isa = PBXFileReference; lastKnownFileType = sourcecode.swift; path = TinyNewbornLogApp.swift; sourceTree = "<group>"; };
		0A2000022C00000000000001 /* ContentView.swift */ = {isa = PBXFileReference; lastKnownFileType = sourcecode.swift; path = ContentView.swift; sourceTree = "<group>"; };
		0A2000032C00000000000001 /* LogStore.swift */ = {isa = PBXFileReference; lastKnownFileType = sourcecode.swift; path = LogStore.swift; sourceTree = "<group>"; };
		0A2000042C00000000000001 /* NewbornLogEntry.swift */ = {isa = PBXFileReference; lastKnownFileType = sourcecode.swift; path = NewbornLogEntry.swift; sourceTree = "<group>"; };
		0A2000052C00000000000001 /* Assets.xcassets */ = {isa = PBXFileReference; lastKnownFileType = folder.assetcatalog; path = Assets.xcassets; sourceTree = "<group>"; };
		0A2000062C00000000000001 /* Preview Content */ = {isa = PBXFileReference; lastKnownFileType = folder; path = "Preview Content"; sourceTree = "<group>"; };
		0A2000072C00000000000001 /* Info.plist */ = {isa = PBXFileReference; lastKnownFileType = text.plist.xml; path = Info.plist; sourceTree = "<group>"; };
		0A2000082C00000000000001 /* TinyNewbornLog Watch App.app */ = {isa = PBXFileReference; explicitFileType = wrapper.application; includeInIndex = 0; path = "TinyNewbornLog Watch App.app"; sourceTree = BUILT_PRODUCTS_DIR; };
		0A2000092C00000000000001 /* WebLogSyncClient.swift */ = {isa = PBXFileReference; lastKnownFileType = sourcecode.swift; path = WebLogSyncClient.swift; sourceTree = "<group>"; };
		0B2000012C00000000000001 /* TinyNewbornLogPhoneApp.swift */ = {isa = PBXFileReference; lastKnownFileType = sourcecode.swift; path = TinyNewbornLogPhoneApp.swift; sourceTree = "<group>"; };
		0B2000022C00000000000001 /* PhoneContentView.swift */ = {isa = PBXFileReference; lastKnownFileType = sourcecode.swift; path = PhoneContentView.swift; sourceTree = "<group>"; };
		0B2000032C00000000000001 /* Assets.xcassets */ = {isa = PBXFileReference; lastKnownFileType = folder.assetcatalog; path = Assets.xcassets; sourceTree = "<group>"; };
		0B2000042C00000000000001 /* Info.plist */ = {isa = PBXFileReference; lastKnownFileType = text.plist.xml; path = Info.plist; sourceTree = "<group>"; };
		0B2000052C00000000000001 /* TinyNewbornLog.app */ = {isa = PBXFileReference; explicitFileType = wrapper.application; includeInIndex = 0; path = TinyNewbornLog.app; sourceTree = BUILT_PRODUCTS_DIR; };
/* End PBXFileReference section */

/* Begin PBXFrameworksBuildPhase section */
		0A3000012C00000000000001 /* Frameworks */ = {
			isa = PBXFrameworksBuildPhase;
			buildActionMask = 2147483647;
			files = (
			);
			runOnlyForDeploymentPostprocessing = 0;
		};
		0B3000012C00000000000001 /* Frameworks */ = {
			isa = PBXFrameworksBuildPhase;
			buildActionMask = 2147483647;
			files = (
			);
			runOnlyForDeploymentPostprocessing = 0;
		};
/* End PBXFrameworksBuildPhase section */

/* Begin PBXGroup section */
		0A4000012C00000000000001 = {
			isa = PBXGroup;
			children = (
				0B4000012C00000000000001 /* TinyNewbornLog iPhone App */,
				0A4000022C00000000000001 /* TinyNewbornLog Watch App */,
				0A4000032C00000000000001 /* Products */,
			);
			sourceTree = "<group>";
		};
		0A4000022C00000000000001 /* TinyNewbornLog Watch App */ = {
			isa = PBXGroup;
			children = (
				0A2000012C00000000000001 /* TinyNewbornLogApp.swift */,
				0A2000022C00000000000001 /* ContentView.swift */,
				0A2000032C00000000000001 /* LogStore.swift */,
				0A2000092C00000000000001 /* WebLogSyncClient.swift */,
				0A2000042C00000000000001 /* NewbornLogEntry.swift */,
				0A2000052C00000000000001 /* Assets.xcassets */,
				0A2000062C00000000000001 /* Preview Content */,
				0A2000072C00000000000001 /* Info.plist */,
			);
			path = "TinyNewbornLog Watch App";
			sourceTree = "<group>";
		};
		0A4000032C00000000000001 /* Products */ = {
			isa = PBXGroup;
			children = (
				0B2000052C00000000000001 /* TinyNewbornLog.app */,
				0A2000082C00000000000001 /* TinyNewbornLog Watch App.app */,
			);
			name = Products;
			sourceTree = "<group>";
		};
		0B4000012C00000000000001 /* TinyNewbornLog iPhone App */ = {
			isa = PBXGroup;
			children = (
				0B2000012C00000000000001 /* TinyNewbornLogPhoneApp.swift */,
				0B2000022C00000000000001 /* PhoneContentView.swift */,
				0B2000032C00000000000001 /* Assets.xcassets */,
				0B2000042C00000000000001 /* Info.plist */,
			);
			path = "TinyNewbornLog iPhone App";
			sourceTree = "<group>";
		};
/* End PBXGroup section */

/* Begin PBXNativeTarget section */
		0A5000012C00000000000001 /* TinyNewbornLog Watch App */ = {
			isa = PBXNativeTarget;
			buildConfigurationList = 0A8000022C00000000000001 /* Build configuration list for PBXNativeTarget "TinyNewbornLog Watch App" */;
			buildPhases = (
				0A6000012C00000000000001 /* Sources */,
				0A3000012C00000000000001 /* Frameworks */,
				0A6000022C00000000000001 /* Resources */,
			);
			buildRules = (
			);
			dependencies = (
			);
			name = "TinyNewbornLog Watch App";
			productName = "TinyNewbornLog Watch App";
			productReference = 0A2000082C00000000000001 /* TinyNewbornLog Watch App.app */;
			productType = "com.apple.product-type.application";
		};
		0B5000012C00000000000001 /* TinyNewbornLog iPhone App */ = {
			isa = PBXNativeTarget;
			buildConfigurationList = 0B8000012C00000000000001 /* Build configuration list for PBXNativeTarget "TinyNewbornLog iPhone App" */;
			buildPhases = (
				0B6000012C00000000000001 /* Sources */,
				0B3000012C00000000000001 /* Frameworks */,
				0B6000022C00000000000001 /* Resources */,
				0B6000032C00000000000001 /* Embed Watch Content */,
			);
			buildRules = (
			);
			dependencies = (
				0B1200012C00000000000001 /* PBXTargetDependency */,
			);
			name = "TinyNewbornLog iPhone App";
			productName = TinyNewbornLog;
			productReference = 0B2000052C00000000000001 /* TinyNewbornLog.app */;
			productType = "com.apple.product-type.application";
		};
/* End PBXNativeTarget section */

/* Begin PBXProject section */
		0A7000012C00000000000001 /* Project object */ = {
			isa = PBXProject;
			attributes = {
				BuildIndependentTargetsInParallel = 1;
				LastSwiftUpdateCheck = 1600;
				LastUpgradeCheck = 2630;
				TargetAttributes = {
					0A5000012C00000000000001 = {
						CreatedOnToolsVersion = 16.0;
					};
					0B5000012C00000000000001 = {
						CreatedOnToolsVersion = 16.0;
					};
				};
			};
			buildConfigurationList = 0A8000012C00000000000001 /* Build configuration list for PBXProject "TinyNewbornLog" */;
			compatibilityVersion = "Xcode 14.0";
			developmentRegion = en;
			hasScannedForEncodings = 0;
			knownRegions = (
				en,
				Base,
			);
			mainGroup = 0A4000012C00000000000001;
			productRefGroup = 0A4000032C00000000000001 /* Products */;
			projectDirPath = "";
			projectRoot = "";
			targets = (
				0B5000012C00000000000001 /* TinyNewbornLog iPhone App */,
				0A5000012C00000000000001 /* TinyNewbornLog Watch App */,
			);
		};
/* End PBXProject section */

/* Begin PBXResourcesBuildPhase section */
		0A6000022C00000000000001 /* Resources */ = {
			isa = PBXResourcesBuildPhase;
			buildActionMask = 2147483647;
			files = (
				0A1000052C00000000000001 /* Assets.xcassets in Resources */,
			);
			runOnlyForDeploymentPostprocessing = 0;
		};
		0B6000022C00000000000001 /* Resources */ = {
			isa = PBXResourcesBuildPhase;
			buildActionMask = 2147483647;
			files = (
				0B1000032C00000000000001 /* Assets.xcassets in Resources */,
			);
			runOnlyForDeploymentPostprocessing = 0;
		};
/* End PBXResourcesBuildPhase section */

/* Begin PBXSourcesBuildPhase section */
		0A6000012C00000000000001 /* Sources */ = {
			isa = PBXSourcesBuildPhase;
			buildActionMask = 2147483647;
			files = (
				0A1000012C00000000000001 /* TinyNewbornLogApp.swift in Sources */,
				0A1000022C00000000000001 /* ContentView.swift in Sources */,
				0A1000032C00000000000001 /* LogStore.swift in Sources */,
				0A1000062C00000000000001 /* WebLogSyncClient.swift in Sources */,
				0A1000042C00000000000001 /* NewbornLogEntry.swift in Sources */,
			);
			runOnlyForDeploymentPostprocessing = 0;
		};
		0B6000012C00000000000001 /* Sources */ = {
			isa = PBXSourcesBuildPhase;
			buildActionMask = 2147483647;
			files = (
				0B1000012C00000000000001 /* TinyNewbornLogPhoneApp.swift in Sources */,
				0B1000022C00000000000001 /* PhoneContentView.swift in Sources */,
			);
			runOnlyForDeploymentPostprocessing = 0;
		};
/* End PBXSourcesBuildPhase section */

/* Begin PBXTargetDependency section */
		0B1200012C00000000000001 /* PBXTargetDependency */ = {
			isa = PBXTargetDependency;
			target = 0A5000012C00000000000001 /* TinyNewbornLog Watch App */;
			targetProxy = 0B1100012C00000000000001 /* PBXContainerItemProxy */;
		};
/* End PBXTargetDependency section */

/* Begin XCBuildConfiguration section */
		0A9000012C00000000000001 /* Debug */ = {
			isa = XCBuildConfiguration;
			buildSettings = {
				ALWAYS_SEARCH_USER_PATHS = NO;
				CLANG_ANALYZER_NONNULL = YES;
				CLANG_ANALYZER_NUMBER_OBJECT_CONVERSION = YES_AGGRESSIVE;
				CLANG_CXX_LANGUAGE_STANDARD = "gnu++20";
				CLANG_ENABLE_MODULES = YES;
				CLANG_ENABLE_OBJC_ARC = YES;
				CLANG_ENABLE_OBJC_WEAK = YES;
				CLANG_WARN_BLOCK_CAPTURE_AUTORELEASING = YES;
				CLANG_WARN_BOOL_CONVERSION = YES;
				CLANG_WARN_COMMA = YES;
				CLANG_WARN_CONSTANT_CONVERSION = YES;
				CLANG_WARN_DEPRECATED_OBJC_IMPLEMENTATIONS = YES;
				CLANG_WARN_DIRECT_OBJC_ISA_USAGE = YES_ERROR;
				CLANG_WARN_DOCUMENTATION_COMMENTS = YES;
				CLANG_WARN_EMPTY_BODY = YES;
				CLANG_WARN_ENUM_CONVERSION = YES;
				CLANG_WARN_INFINITE_RECURSION = YES;
				CLANG_WARN_INT_CONVERSION = YES;
				CLANG_WARN_NON_LITERAL_NULL_CONVERSION = YES;
				CLANG_WARN_OBJC_IMPLICIT_RETAIN_SELF = YES;
				CLANG_WARN_OBJC_LITERAL_CONVERSION = YES;
				CLANG_WARN_OBJC_ROOT_CLASS = YES_ERROR;
				CLANG_WARN_QUOTED_INCLUDE_IN_FRAMEWORK_HEADER = YES;
				CLANG_WARN_RANGE_LOOP_ANALYSIS = YES;
				CLANG_WARN_STRICT_PROTOTYPES = YES;
				CLANG_WARN_SUSPICIOUS_MOVE = YES;
				CLANG_WARN_UNGUARDED_AVAILABILITY = YES_AGGRESSIVE;
				CLANG_WARN_UNREACHABLE_CODE = YES;
				CLANG_WARN__DUPLICATE_METHOD_MATCH = YES;
				COPY_PHASE_STRIP = NO;
				DEBUG_INFORMATION_FORMAT = dwarf;
				ENABLE_STRICT_OBJC_MSGSEND = YES;
				ENABLE_TESTABILITY = YES;
				ENABLE_USER_SCRIPT_SANDBOXING = YES;
				GCC_C_LANGUAGE_STANDARD = gnu17;
				GCC_DYNAMIC_NO_PIC = NO;
				GCC_NO_COMMON_BLOCKS = YES;
				GCC_OPTIMIZATION_LEVEL = 0;
				GCC_PREPROCESSOR_DEFINITIONS = (
					"DEBUG=1",
					"$(inherited)",
				);
				GCC_WARN_64_TO_32_BIT_CONVERSION = YES;
				GCC_WARN_ABOUT_RETURN_TYPE = YES_ERROR;
				GCC_WARN_UNDECLARED_SELECTOR = YES;
				GCC_WARN_UNINITIALIZED_AUTOS = YES_AGGRESSIVE;
				GCC_WARN_UNUSED_FUNCTION = YES;
				GCC_WARN_UNUSED_VARIABLE = YES;
				MTL_ENABLE_DEBUG_INFO = INCLUDE_SOURCE;
				MTL_FAST_MATH = YES;
				ONLY_ACTIVE_ARCH = YES;
				SDKROOT = watchos;
				STRING_CATALOG_GENERATE_SYMBOLS = YES;
				SWIFT_ACTIVE_COMPILATION_CONDITIONS = DEBUG;
				SWIFT_OPTIMIZATION_LEVEL = "-Onone";
			};
			name = Debug;
		};
		0A9000022C00000000000001 /* Release */ = {
			isa = XCBuildConfiguration;
			buildSettings = {
				ALWAYS_SEARCH_USER_PATHS = NO;
				CLANG_ANALYZER_NONNULL = YES;
				CLANG_ANALYZER_NUMBER_OBJECT_CONVERSION = YES_AGGRESSIVE;
				CLANG_CXX_LANGUAGE_STANDARD = "gnu++20";
				CLANG_ENABLE_MODULES = YES;
				CLANG_ENABLE_OBJC_ARC = YES;
				CLANG_ENABLE_OBJC_WEAK = YES;
				CLANG_WARN_BLOCK_CAPTURE_AUTORELEASING = YES;
				CLANG_WARN_BOOL_CONVERSION = YES;
				CLANG_WARN_COMMA = YES;
				CLANG_WARN_CONSTANT_CONVERSION = YES;
				CLANG_WARN_DEPRECATED_OBJC_IMPLEMENTATIONS = YES;
				CLANG_WARN_DIRECT_OBJC_ISA_USAGE = YES_ERROR;
				CLANG_WARN_DOCUMENTATION_COMMENTS = YES;
				CLANG_WARN_EMPTY_BODY = YES;
				CLANG_WARN_ENUM_CONVERSION = YES;
				CLANG_WARN_INFINITE_RECURSION = YES;
				CLANG_WARN_INT_CONVERSION = YES;
				CLANG_WARN_NON_LITERAL_NULL_CONVERSION = YES;
				CLANG_WARN_OBJC_IMPLICIT_RETAIN_SELF = YES;
				CLANG_WARN_OBJC_LITERAL_CONVERSION = YES;
				CLANG_WARN_OBJC_ROOT_CLASS = YES_ERROR;
				CLANG_WARN_QUOTED_INCLUDE_IN_FRAMEWORK_HEADER = YES;
				CLANG_WARN_RANGE_LOOP_ANALYSIS = YES;
				CLANG_WARN_STRICT_PROTOTYPES = YES;
				CLANG_WARN_SUSPICIOUS_MOVE = YES;
				CLANG_WARN_UNGUARDED_AVAILABILITY = YES_AGGRESSIVE;
				CLANG_WARN_UNREACHABLE_CODE = YES;
				CLANG_WARN__DUPLICATE_METHOD_MATCH = YES;
				COPY_PHASE_STRIP = NO;
				DEBUG_INFORMATION_FORMAT = "dwarf-with-dsym";
				ENABLE_NS_ASSERTIONS = NO;
				ENABLE_STRICT_OBJC_MSGSEND = YES;
				ENABLE_USER_SCRIPT_SANDBOXING = YES;
				GCC_C_LANGUAGE_STANDARD = gnu17;
				GCC_NO_COMMON_BLOCKS = YES;
				GCC_WARN_64_TO_32_BIT_CONVERSION = YES;
				GCC_WARN_ABOUT_RETURN_TYPE = YES_ERROR;
				GCC_WARN_UNDECLARED_SELECTOR = YES;
				GCC_WARN_UNINITIALIZED_AUTOS = YES_AGGRESSIVE;
				GCC_WARN_UNUSED_FUNCTION = YES;
				GCC_WARN_UNUSED_VARIABLE = YES;
				MTL_ENABLE_DEBUG_INFO = NO;
				MTL_FAST_MATH = YES;
				SDKROOT = watchos;
				STRING_CATALOG_GENERATE_SYMBOLS = YES;
				SWIFT_COMPILATION_MODE = wholemodule;
				VALIDATE_PRODUCT = YES;
			};
			name = Release;
		};
		0A9000032C00000000000001 /* Debug */ = {
			isa = XCBuildConfiguration;
			buildSettings = {
				ASSETCATALOG_COMPILER_APPICON_NAME = AppIcon;
				ASSETCATALOG_COMPILER_GLOBAL_ACCENT_COLOR_NAME = AccentColor;
				CODE_SIGN_STYLE = Automatic;
				CURRENT_PROJECT_VERSION = 1;
				DEVELOPMENT_ASSET_PATHS = "\"TinyNewbornLog Watch App/Preview Content\"";
				DEVELOPMENT_TEAM = C26UC5MWJQ;
				ENABLE_PREVIEWS = YES;
				GENERATE_INFOPLIST_FILE = NO;
				INFOPLIST_FILE = "TinyNewbornLog Watch App/Info.plist";
				LD_RUNPATH_SEARCH_PATHS = (
					"$(inherited)",
					"@executable_path/Frameworks",
				);
				MARKETING_VERSION = 1.0;
				PRODUCT_BUNDLE_IDENTIFIER = com.huynguyen.tinynewbornlog.watchapp;
				PRODUCT_NAME = "$(TARGET_NAME)";
				SDKROOT = watchos;
				SUPPORTED_PLATFORMS = "watchos watchsimulator";
				SWIFT_EMIT_LOC_STRINGS = YES;
				SWIFT_VERSION = 5.0;
				TARGETED_DEVICE_FAMILY = 4;
				WATCHOS_DEPLOYMENT_TARGET = 10.0;
			};
			name = Debug;
		};
		0A9000042C00000000000001 /* Release */ = {
			isa = XCBuildConfiguration;
			buildSettings = {
				ASSETCATALOG_COMPILER_APPICON_NAME = AppIcon;
				ASSETCATALOG_COMPILER_GLOBAL_ACCENT_COLOR_NAME = AccentColor;
				CODE_SIGN_STYLE = Automatic;
				CURRENT_PROJECT_VERSION = 1;
				DEVELOPMENT_ASSET_PATHS = "\"TinyNewbornLog Watch App/Preview Content\"";
				DEVELOPMENT_TEAM = C26UC5MWJQ;
				ENABLE_PREVIEWS = YES;
				GENERATE_INFOPLIST_FILE = NO;
				INFOPLIST_FILE = "TinyNewbornLog Watch App/Info.plist";
				LD_RUNPATH_SEARCH_PATHS = (
					"$(inherited)",
					"@executable_path/Frameworks",
				);
				MARKETING_VERSION = 1.0;
				PRODUCT_BUNDLE_IDENTIFIER = com.huynguyen.tinynewbornlog.watchapp;
				PRODUCT_NAME = "$(TARGET_NAME)";
				SDKROOT = watchos;
				SUPPORTED_PLATFORMS = "watchos watchsimulator";
				SWIFT_EMIT_LOC_STRINGS = YES;
				SWIFT_VERSION = 5.0;
				TARGETED_DEVICE_FAMILY = 4;
				WATCHOS_DEPLOYMENT_TARGET = 10.0;
			};
			name = Release;
		};
		0B9000012C00000000000001 /* Debug */ = {
			isa = XCBuildConfiguration;
			buildSettings = {
				ASSETCATALOG_COMPILER_APPICON_NAME = AppIcon;
				ASSETCATALOG_COMPILER_GLOBAL_ACCENT_COLOR_NAME = AccentColor;
				CODE_SIGN_STYLE = Automatic;
				CURRENT_PROJECT_VERSION = 1;
				ENABLE_PREVIEWS = YES;
				GENERATE_INFOPLIST_FILE = NO;
				INFOPLIST_FILE = "TinyNewbornLog iPhone App/Info.plist";
				IPHONEOS_DEPLOYMENT_TARGET = 17.0;
				LD_RUNPATH_SEARCH_PATHS = (
					"$(inherited)",
					"@executable_path/Frameworks",
				);
				MARKETING_VERSION = 1.0;
				PRODUCT_BUNDLE_IDENTIFIER = com.huynguyen.tinynewbornlog;
				PRODUCT_NAME = TinyNewbornLog;
				SDKROOT = iphoneos;
				SUPPORTED_PLATFORMS = "iphoneos iphonesimulator";
				SWIFT_EMIT_LOC_STRINGS = YES;
				SWIFT_VERSION = 5.0;
				TARGETED_DEVICE_FAMILY = "1,2";
			};
			name = Debug;
		};
		0B9000022C00000000000001 /* Release */ = {
			isa = XCBuildConfiguration;
			buildSettings = {
				ASSETCATALOG_COMPILER_APPICON_NAME = AppIcon;
				ASSETCATALOG_COMPILER_GLOBAL_ACCENT_COLOR_NAME = AccentColor;
				CODE_SIGN_STYLE = Automatic;
				CURRENT_PROJECT_VERSION = 1;
				ENABLE_PREVIEWS = YES;
				GENERATE_INFOPLIST_FILE = NO;
				INFOPLIST_FILE = "TinyNewbornLog iPhone App/Info.plist";
				IPHONEOS_DEPLOYMENT_TARGET = 17.0;
				LD_RUNPATH_SEARCH_PATHS = (
					"$(inherited)",
					"@executable_path/Frameworks",
				);
				MARKETING_VERSION = 1.0;
				PRODUCT_BUNDLE_IDENTIFIER = com.huynguyen.tinynewbornlog;
				PRODUCT_NAME = TinyNewbornLog;
				SDKROOT = iphoneos;
				SUPPORTED_PLATFORMS = "iphoneos iphonesimulator";
				SWIFT_EMIT_LOC_STRINGS = YES;
				SWIFT_VERSION = 5.0;
				TARGETED_DEVICE_FAMILY = "1,2";
			};
			name = Release;
		};
/* End XCBuildConfiguration section */

/* Begin XCConfigurationList section */
		0A8000012C00000000000001 /* Build configuration list for PBXProject "TinyNewbornLog" */ = {
			isa = XCConfigurationList;
			buildConfigurations = (
				0A9000012C00000000000001 /* Debug */,
				0A9000022C00000000000001 /* Release */,
			);
			defaultConfigurationIsVisible = 0;
			defaultConfigurationName = Release;
		};
		0A8000022C00000000000001 /* Build configuration list for PBXNativeTarget "TinyNewbornLog Watch App" */ = {
			isa = XCConfigurationList;
			buildConfigurations = (
				0A9000032C00000000000001 /* Debug */,
				0A9000042C00000000000001 /* Release */,
			);
			defaultConfigurationIsVisible = 0;
			defaultConfigurationName = Release;
		};
		0B8000012C00000000000001 /* Build configuration list for PBXNativeTarget "TinyNewbornLog iPhone App" */ = {
			isa = XCConfigurationList;
			buildConfigurations = (
				0B9000012C00000000000001 /* Debug */,
				0B9000022C00000000000001 /* Release */,
			);
			defaultConfigurationIsVisible = 0;
			defaultConfigurationName = Release;
		};
/* End XCConfigurationList section */
	};
	rootObject = 0A7000012C00000000000001 /* Project object */;
}
